
Microsoft Visual Studio Solution File, Format Version 12.00
# Visual Studio 2012
Project("{FAE04EC0-301F-11D3-BF4B-00C04F79EFBC}") = "Hospipal", "Hospipal\Hospipal.csproj", "{E43AB481-877E-49C6-B71F-94ED6AB147E8}"
EndProject
Project("{FAE04EC0-301F-11D3-BF4B-00C04F79EFBC}") = "HospipalTests", "HospipalTests\HospipalTests.csproj", "{02EAD7CB-301F-4A68-A1D1-0B5BB74B5D7C}"
EndProject
Global
	GlobalSection(SolutionConfigurationPlatforms) = preSolution
		Debug|Any CPU = Debug|Any CPU
		Release|Any CPU = Release|Any CPU
	EndGlobalSection
	GlobalSection(ProjectConfigurationPlatforms) = postSolution
		{E43AB481-877E-49C6-B71F-94ED6AB147E8}.Debug|Any CPU.ActiveCfg = Debug|Any CPU
		{E43AB481-877E-49C6-B71F-94ED6AB147E8}.Debug|Any CPU.Build.0 = Debug|Any CPU
		{E43AB481-877E-49C6-B71F-94ED6AB147E8}.Release|Any CPU.ActiveCfg = Release|Any CPU
		{E43AB481-877E-49C6-B71F-94ED6AB147E8}.Release|Any CPU.Build.0 = Release|Any CPU
		{02EAD7CB-301F-4A68-A1D1-0B5BB74B5D7C}.Debug|Any CPU.ActiveCfg = Debug|Any CPU
		{02EAD7CB-301F-4A68-A1D1-0B5BB74B5D7C}.Debug|Any CPU.Build.0 = Debug|Any CPU
		{02EAD7CB-301F-4A68-A1D1-0B5BB74B5D7C}.Release|Any CPU.ActiveCfg = Release|Any CPU
		{02EAD7CB-301F-4A68-A1D1-0B5BB74B5D7C}.Release|Any CPU.Build.0 = Release|Any CPU
	EndGlobalSection
	GlobalSection(SolutionProperties) = preSolution
		HideSolutionNode = FALSE
	EndGlobalSection
EndGlobal
